
Microsoft Visual Studio Solution File, Format Version 12.00
# Visual Studio Version 16
VisualStudioVersion = 16.0.31112.23
MinimumVisualStudioVersion = 10.0.40219.1
Project("{FAE04EC0-301F-11D3-BF4B-00C04F79EFBC}") = "User-Reg", "User-Reg\User-Reg.csproj", "{A02F8CAB-C67A-4279-B4F4-623BAD172484}"
EndProject
Global
	GlobalSection(SolutionConfigurationPlatforms) = preSolution
		Debug|Any CPU = Debug|Any CPU
		Release|Any CPU = Release|Any CPU
	EndGlobalSection
	GlobalSection(ProjectConfigurationPlatforms) = postSolution
		{A02F8CAB-C67A-4279-B4F4-623BAD172484}.Debug|Any CPU.ActiveCfg = Debug|Any CPU
		{A02F8CAB-C67A-4279-B4F4-623BAD172484}.Debug|Any CPU.Build.0 = Debug|Any CPU
		{A02F8CAB-C67A-4279-B4F4-623BAD172484}.Release|Any CPU.ActiveCfg = Release|Any CPU
		{A02F8CAB-C67A-4279-B4F4-623BAD172484}.Release|Any CPU.Build.0 = Release|Any CPU
	EndGlobalSection
	GlobalSection(SolutionProperties) = preSolution
		HideSolutionNode = FALSE
	EndGlobalSection
	GlobalSection(ExtensibilityGlobals) = postSolution
		SolutionGuid = {56B9A104-C617-43B7-83F3-36F7922D1761}
	EndGlobalSection
EndGlobal
